
Microsoft Visual Studio Solution File, Format Version 12.00
# Visual Studio Version 17
VisualStudioVersion = 17.7.34202.233
MinimumVisualStudioVersion = 10.0.40219.1
Project("{FAE04EC0-301F-11D3-BF4B-00C04F79EFBC}") = "UrlShortener(2)", "UrlShortener(2).csproj", "{5570D39D-C39E-445E-952A-1203D915BF03}"
EndProject
Global
	GlobalSection(SolutionConfigurationPlatforms) = preSolution
		Debug|Any CPU = Debug|Any CPU
		Release|Any CPU = Release|Any CPU
	EndGlobalSection
	GlobalSection(ProjectConfigurationPlatforms) = postSolution
		{5570D39D-C39E-445E-952A-1203D915BF03}.Debug|Any CPU.ActiveCfg = Debug|Any CPU
		{5570D39D-C39E-445E-952A-1203D915BF03}.Debug|Any CPU.Build.0 = Debug|Any CPU
		{5570D39D-C39E-445E-952A-1203D915BF03}.Release|Any CPU.ActiveCfg = Release|Any CPU
		{5570D39D-C39E-445E-952A-1203D915BF03}.Release|Any CPU.Build.0 = Release|Any CPU
	EndGlobalSection
	GlobalSection(SolutionProperties) = preSolution
		HideSolutionNode = FALSE
	EndGlobalSection
	GlobalSection(ExtensibilityGlobals) = postSolution
		SolutionGuid = {7C6E04E9-5983-479C-9F56-55951311E142}
	EndGlobalSection
EndGlobal
